{
    "hash": "86b0d17de935f0ba276ea5bb3fedd8c8",
    "packages": [
        {
            "package": "evenement/evenement",
            "version": "dev-master",
            "source-reference": "ae059c4441835787c6e6d9c08f71127d33b1cb32"
        }
    ],
    "packages-dev": null,
    "aliases": [

    ]
}
